# THIS IS AN AUTOGENERATED FILE. DO NOT EDIT THIS FILE DIRECTLY.
# yarn lockfile v1


browser-id3-writer@^4.4.0:
  version "4.4.0"
  resolved "https://registry.yarnpkg.com/browser-id3-writer/-/browser-id3-writer-4.4.0.tgz#1810e86c214da30a1682f8fdf827bf47f7b23372"
  integrity sha512-8xce9wo4VoKNR4udEGOAf8vndYxhToqQS+1wyrjdYVPQKRc4Wm6xwGG6XrKYgax28y5AvrbCkqK6t1RplPN2Ew==
